
Microsoft Visual Studio Solution File, Format Version 12.00
# Visual Studio Version 17
VisualStudioVersion = 17.4.33110.190
MinimumVisualStudioVersion = 10.0.40219.1
Project("{FAE04EC0-301F-11D3-BF4B-00C04F79EFBC}") = "DZ4", "DZ4\DZ4.csproj", "{7ABE2CB6-CA72-41E0-8A34-448006F6812C}"
EndProject
Global
	GlobalSection(SolutionConfigurationPlatforms) = preSolution
		Debug|Any CPU = Debug|Any CPU
		Release|Any CPU = Release|Any CPU
	EndGlobalSection
	GlobalSection(ProjectConfigurationPlatforms) = postSolution
		{7ABE2CB6-CA72-41E0-8A34-448006F6812C}.Debug|Any CPU.ActiveCfg = Debug|Any CPU
		{7ABE2CB6-CA72-41E0-8A34-448006F6812C}.Debug|Any CPU.Build.0 = Debug|Any CPU
		{7ABE2CB6-CA72-41E0-8A34-448006F6812C}.Release|Any CPU.ActiveCfg = Release|Any CPU
		{7ABE2CB6-CA72-41E0-8A34-448006F6812C}.Release|Any CPU.Build.0 = Release|Any CPU
	EndGlobalSection
	GlobalSection(SolutionProperties) = preSolution
		HideSolutionNode = FALSE
	EndGlobalSection
	GlobalSection(ExtensibilityGlobals) = postSolution
		SolutionGuid = {5958A52C-3635-4291-92C0-889355A933B0}
	EndGlobalSection
EndGlobal
